
Microsoft Visual Studio Solution File, Format Version 12.00
# Visual Studio 15
VisualStudioVersion = 15.0.27130.2024
MinimumVisualStudioVersion = 10.0.40219.1
Project("{FAE04EC0-301F-11D3-BF4B-00C04F79EFBC}") = "BillValidator.CashCode.Example", "BillValidator.CashCode.Example\BillValidator.CashCode.Example.csproj", "{54247107-CA0E-4931-B79B-F01876EA5EFA}"
EndProject
Project("{FAE04EC0-301F-11D3-BF4B-00C04F79EFBC}") = "BillValidator.CashCode.Driver", "BillValidator.CashCode.Driver\BillValidator.CashCode.Driver.csproj", "{C880899D-95F0-4342-96ED-1E4F987A50B2}"
EndProject
Global
	GlobalSection(SolutionConfigurationPlatforms) = preSolution
		Debug|Any CPU = Debug|Any CPU
		Release|Any CPU = Release|Any CPU
	EndGlobalSection
	GlobalSection(ProjectConfigurationPlatforms) = postSolution
		{54247107-CA0E-4931-B79B-F01876EA5EFA}.Debug|Any CPU.ActiveCfg = Debug|Any CPU
		{54247107-CA0E-4931-B79B-F01876EA5EFA}.Debug|Any CPU.Build.0 = Debug|Any CPU
		{54247107-CA0E-4931-B79B-F01876EA5EFA}.Release|Any CPU.ActiveCfg = Release|Any CPU
		{54247107-CA0E-4931-B79B-F01876EA5EFA}.Release|Any CPU.Build.0 = Release|Any CPU
		{C880899D-95F0-4342-96ED-1E4F987A50B2}.Debug|Any CPU.ActiveCfg = Debug|Any CPU
		{C880899D-95F0-4342-96ED-1E4F987A50B2}.Debug|Any CPU.Build.0 = Debug|Any CPU
		{C880899D-95F0-4342-96ED-1E4F987A50B2}.Release|Any CPU.ActiveCfg = Release|Any CPU
		{C880899D-95F0-4342-96ED-1E4F987A50B2}.Release|Any CPU.Build.0 = Release|Any CPU
	EndGlobalSection
	GlobalSection(SolutionProperties) = preSolution
		HideSolutionNode = FALSE
	EndGlobalSection
	GlobalSection(ExtensibilityGlobals) = postSolution
		SolutionGuid = {D6501526-C13D-4EFC-B93C-058EB012F1FC}
	EndGlobalSection
EndGlobal
